
Microsoft Visual Studio Solution File, Format Version 12.00
# Visual Studio Version 16
VisualStudioVersion = 16.0.30011.22
MinimumVisualStudioVersion = 10.0.40219.1
Project("{888888A0-9F3D-457C-B088-3A5042F75D52}") = "Task32", "Task32.pyproj", "{E99A4A31-0B94-49E4-8923-AC797B11B168}"
EndProject
Global
	GlobalSection(SolutionConfigurationPlatforms) = preSolution
		Debug|Any CPU = Debug|Any CPU
		Release|Any CPU = Release|Any CPU
	EndGlobalSection
	GlobalSection(ProjectConfigurationPlatforms) = postSolution
		{E99A4A31-0B94-49E4-8923-AC797B11B168}.Debug|Any CPU.ActiveCfg = Debug|Any CPU
		{E99A4A31-0B94-49E4-8923-AC797B11B168}.Release|Any CPU.ActiveCfg = Release|Any CPU
	EndGlobalSection
	GlobalSection(SolutionProperties) = preSolution
		HideSolutionNode = FALSE
	EndGlobalSection
	GlobalSection(ExtensibilityGlobals) = postSolution
		SolutionGuid = {888BE2FB-757B-46EA-94CB-CD5D270940BD}
	EndGlobalSection
EndGlobal
